
Microsoft Visual Studio Solution File, Format Version 12.00
# Visual Studio Version 17
VisualStudioVersion = 17.7.34031.279
MinimumVisualStudioVersion = 10.0.40219.1
Project("{9A19103F-16F7-4668-BE54-9A1E7A4F7556}") = "Bugoom", "Bugoom\Bugoom.csproj", "{BB8FB809-9C16-47B0-873E-B90CA1B44260}"
EndProject
Project("{2150E333-8FDC-42A3-9474-1A3956D46DE8}") = "Solution Items", "Solution Items", "{C8C4659A-2FEA-47C7-8F58-6741BE346F34}"
	ProjectSection(SolutionItems) = preProject
		.gitignore = .gitignore
		README.md = README.md
	EndProjectSection
EndProject
Global
	GlobalSection(SolutionConfigurationPlatforms) = preSolution
		Debug|Any CPU = Debug|Any CPU
		Release|Any CPU = Release|Any CPU
	EndGlobalSection
	GlobalSection(ProjectConfigurationPlatforms) = postSolution
		{BB8FB809-9C16-47B0-873E-B90CA1B44260}.Debug|Any CPU.ActiveCfg = Debug|Any CPU
		{BB8FB809-9C16-47B0-873E-B90CA1B44260}.Debug|Any CPU.Build.0 = Debug|Any CPU
		{BB8FB809-9C16-47B0-873E-B90CA1B44260}.Release|Any CPU.ActiveCfg = Release|Any CPU
		{BB8FB809-9C16-47B0-873E-B90CA1B44260}.Release|Any CPU.Build.0 = Release|Any CPU
	EndGlobalSection
	GlobalSection(SolutionProperties) = preSolution
		HideSolutionNode = FALSE
	EndGlobalSection
	GlobalSection(ExtensibilityGlobals) = postSolution
		SolutionGuid = {4B9310F8-029D-485D-B465-0C73D33C84E9}
	EndGlobalSection
EndGlobal
